{
    "_readme": [
        "This file locks the dependencies of your project to a known state",
        "Read more about it at https://getcomposer.org/doc/01-basic-usage.md#composer-lock-the-lock-file",
        "This file is @generated automatically"
    ],
    "content-hash": "1303db1590a4edfe651c272e71f824a8",
    "packages": [
        {
            "name": "socketlabs/email-delivery",
            "version": "1.1.0",
            "source": {
                "type": "git",
                "url": "https://github.com/socketlabs/socketlabs-php.git",
                "reference": "a364baeb275046d9a2f779e337ca57e95aa4523b"
            },
            "dist": {
                "type": "zip",
                "url": "https://api.github.com/repos/socketlabs/socketlabs-php/zipball/a364baeb275046d9a2f779e337ca57e95aa4523b",
                "reference": "a364baeb275046d9a2f779e337ca57e95aa4523b",
                "shasum": ""
            },
            "require": {
                "php": "^5.6.0 || ^7.0"
            },
            "type": "library",
            "autoload": {
                "psr-4": {
                    "Socketlabs\\": "InjectionApi/src/"
                }
            },
            "notification-url": "https://packagist.org/downloads/",
            "license": [
                "MIT"
            ],
            "authors": [
                {
                    "name": "SocketLabs",
                    "email": "developers@socketlabs.com",
                    "homepage": "https://www.socketlabs.com",
                    "role": "Developer"
                }
            ],
            "description": "SocketLabs Email Delivery PHP Client Library ",
            "homepage": "https://github.com/socketlabs/socketlabs-php",
            "keywords": [
                "deliverability",
                "email",
                "socketlabs",
                "transactional-email"
            ],
            "time": "2019-09-25T17:26:17+00:00"
        }
    ],
    "packages-dev": [],
    "aliases": [],
    "minimum-stability": "stable",
    "stability-flags": [],
    "prefer-stable": false,
    "prefer-lowest": false,
    "platform": [],
    "platform-dev": []
}
